
Microsoft Visual Studio Solution File, Format Version 12.00
# Visual Studio 15
VisualStudioVersion = 15.0.27130.2010
MinimumVisualStudioVersion = 10.0.40219.1
Project("{9A19103F-16F7-4668-BE54-9A1E7A4F7556}") = "MTAServiceStatus", "MTAServiceStatus\MTAServiceStatus.csproj", "{197A8518-9891-409A-BD2B-A73D9B5923B6}"
EndProject
Project("{9A19103F-16F7-4668-BE54-9A1E7A4F7556}") = "MTAServiceStatus.Tests", "MTAServiceStatus.Tests\MTAServiceStatus.Tests.csproj", "{700D2EC0-E333-483D-83FB-11D9E52C8867}"
EndProject
Project("{2150E333-8FDC-42A3-9474-1A3956D46DE8}") = "Tests", "Tests", "{37A27582-D7B8-4EFB-9210-CA712A45D975}"
EndProject
Global
	GlobalSection(SolutionConfigurationPlatforms) = preSolution
		Debug|Any CPU = Debug|Any CPU
		Release|Any CPU = Release|Any CPU
	EndGlobalSection
	GlobalSection(ProjectConfigurationPlatforms) = postSolution
		{197A8518-9891-409A-BD2B-A73D9B5923B6}.Debug|Any CPU.ActiveCfg = Debug|Any CPU
		{197A8518-9891-409A-BD2B-A73D9B5923B6}.Debug|Any CPU.Build.0 = Debug|Any CPU
		{197A8518-9891-409A-BD2B-A73D9B5923B6}.Release|Any CPU.ActiveCfg = Release|Any CPU
		{197A8518-9891-409A-BD2B-A73D9B5923B6}.Release|Any CPU.Build.0 = Release|Any CPU
		{700D2EC0-E333-483D-83FB-11D9E52C8867}.Debug|Any CPU.ActiveCfg = Debug|Any CPU
		{700D2EC0-E333-483D-83FB-11D9E52C8867}.Debug|Any CPU.Build.0 = Debug|Any CPU
		{700D2EC0-E333-483D-83FB-11D9E52C8867}.Release|Any CPU.ActiveCfg = Release|Any CPU
		{700D2EC0-E333-483D-83FB-11D9E52C8867}.Release|Any CPU.Build.0 = Release|Any CPU
	EndGlobalSection
	GlobalSection(SolutionProperties) = preSolution
		HideSolutionNode = FALSE
	EndGlobalSection
	GlobalSection(NestedProjects) = preSolution
		{700D2EC0-E333-483D-83FB-11D9E52C8867} = {37A27582-D7B8-4EFB-9210-CA712A45D975}
	EndGlobalSection
	GlobalSection(ExtensibilityGlobals) = postSolution
		SolutionGuid = {91353209-D81B-4346-AE8E-C510F9029C7A}
	EndGlobalSection
EndGlobal
